
Microsoft Visual Studio Solution File, Format Version 12.00
# Visual Studio Version 17
VisualStudioVersion = 17.10.35027.167
MinimumVisualStudioVersion = 10.0.40219.1
Project("{9A19103F-16F7-4668-BE54-9A1E7A4F7556}") = "CellPhoneS", "CellPhoneS\CellPhoneS.csproj", "{5BD531F9-7ED3-42DA-8D89-F6E6DE027E8C}"
EndProject
Global
	GlobalSection(SolutionConfigurationPlatforms) = preSolution
		Debug|Any CPU = Debug|Any CPU
		Release|Any CPU = Release|Any CPU
	EndGlobalSection
	GlobalSection(ProjectConfigurationPlatforms) = postSolution
		{5BD531F9-7ED3-42DA-8D89-F6E6DE027E8C}.Debug|Any CPU.ActiveCfg = Debug|Any CPU
		{5BD531F9-7ED3-42DA-8D89-F6E6DE027E8C}.Debug|Any CPU.Build.0 = Debug|Any CPU
		{5BD531F9-7ED3-42DA-8D89-F6E6DE027E8C}.Release|Any CPU.ActiveCfg = Release|Any CPU
		{5BD531F9-7ED3-42DA-8D89-F6E6DE027E8C}.Release|Any CPU.Build.0 = Release|Any CPU
	EndGlobalSection
	GlobalSection(SolutionProperties) = preSolution
		HideSolutionNode = FALSE
	EndGlobalSection
	GlobalSection(ExtensibilityGlobals) = postSolution
		SolutionGuid = {B55007D4-B214-4898-B067-2592BC558C7E}
	EndGlobalSection
EndGlobal
